
Microsoft Visual Studio Solution File, Format Version 12.00
# Visual Studio Version 16
VisualStudioVersion = 16.0.31229.75
MinimumVisualStudioVersion = 10.0.40219.1
Project("{FAE04EC0-301F-11D3-BF4B-00C04F79EFBC}") = "FloresApi", "FloresApi\FloresApi.csproj", "{52755D54-B648-4AC5-94C9-527428B2724B}"
EndProject
Global
	GlobalSection(SolutionConfigurationPlatforms) = preSolution
		Debug|Any CPU = Debug|Any CPU
		Release|Any CPU = Release|Any CPU
	EndGlobalSection
	GlobalSection(ProjectConfigurationPlatforms) = postSolution
		{52755D54-B648-4AC5-94C9-527428B2724B}.Debug|Any CPU.ActiveCfg = Debug|Any CPU
		{52755D54-B648-4AC5-94C9-527428B2724B}.Debug|Any CPU.Build.0 = Debug|Any CPU
		{52755D54-B648-4AC5-94C9-527428B2724B}.Release|Any CPU.ActiveCfg = Release|Any CPU
		{52755D54-B648-4AC5-94C9-527428B2724B}.Release|Any CPU.Build.0 = Release|Any CPU
	EndGlobalSection
	GlobalSection(SolutionProperties) = preSolution
		HideSolutionNode = FALSE
	EndGlobalSection
	GlobalSection(ExtensibilityGlobals) = postSolution
		SolutionGuid = {33540298-4DDD-484F-ACA3-64AA11C36EA3}
	EndGlobalSection
EndGlobal
